{
    "requires": true,
    "lockfileVersion": 1,
    "dependencies": {
        "vuetify": {
            "version": "2.2.18",
            "resolved": "https://registry.npmjs.org/vuetify/-/vuetify-2.2.18.tgz",
            "integrity": "sha512-RXN065xh5xKmTnEH6+1YFZWp67soOJPTIqqPNliSp9eE72Q7a5fmaV1xQsEVVaVA12+5Hvroo7NW7MP/APucGw=="
        }
    }
}
